// !$*UTF8*$!
{
	archiveVersion = 1;
	classes = {
	};
	objectVersion = 46;
	objects = {

/* Begin PBXBuildFile section */
		F1D854681B8D658A008D24E0 /* AppDelegate.swift in Sources */ = {isa = PBXBuildFile; fileRef = F1D854671B8D658A008D24E0 /* AppDelegate.swift */; };
		F1D8546A1B8D658A008D24E0 /* MasterViewController.swift in Sources */ = {isa = PBXBuildFile; fileRef = F1D854691B8D658A008D24E0 /* MasterViewController.swift */; };
		F1D8546C1B8D658A008D24E0 /* DetailViewController.swift in Sources */ = {isa = PBXBuildFile; fileRef = F1D8546B1B8D658A008D24E0 /* DetailViewController.swift */; };
		F1D8546F1B8D658B008D24E0 /* Main.storyboard in Resources */ = {isa = PBXBuildFile; fileRef = F1D8546D1B8D658B008D24E0 /* Main.storyboard */; };
		F1D854711B8D658B008D24E0 /* Images.xcassets in Resources */ = {isa = PBXBuildFile; fileRef = F1D854701B8D658B008D24E0 /* Images.xcassets */; };
		F1D854741B8D658B008D24E0 /* LaunchScreen.xib in Resources */ = {isa = PBXBuildFile; fileRef = F1D854721B8D658B008D24E0 /* LaunchScreen.xib */; };
		F1D854801B8D658B008D24E0 /* HelloWorldTests.swift in Sources */ = {isa = PBXBuildFile; fileRef = F1D8547F1B8D658B008D24E0 /* HelloWorldTests.swift */; };
/* End PBXBuildFile section */

/* Begin PBXContainerItemProxy section */
		F1D8547A1B8D658B008D24E0 /* PBXContainerItemProxy */ = {
			isa = PBXContainerItemProxy;
			containerPortal = F1D8545A1B8D658A008D24E0 /* Project object */;
			proxyType = 1;
			remoteGlobalIDString = F1D854611B8D658A008D24E0;
			remoteInfo = HelloWorld;
		};
/* End PBXContainerItemProxy section */

/* Begin PBXFileReference section */
		F1D854621B8D658A008D24E0 /* HelloWorld.app */ = {isa = PBXFileReference; explicitFileType = wrapper.application; includeInIndex = 0; path = HelloWorld.app; sourceTree = BUILT_PRODUCTS_DIR; };
		F1D854661B8D658A008D24E0 /* Info.plist */ = {isa = PBXFileReference; lastKnownFileType = text.plist.xml; path = Info.plist; sourceTree = "<group>"; };
		F1D854671B8D658A008D24E0 /* AppDelegate.swift */ = {isa = PBXFileReference; lastKnownFileType = sourcecode.swift; path = AppDelegate.swift; sourceTree = "<group>"; };
		F1D854691B8D658A008D24E0 /* MasterViewController.swift */ = {isa = PBXFileReference; lastKnownFileType = sourcecode.swift; path = MasterViewController.swift; sourceTree = "<group>"; };
		F1D8546B1B8D658A008D24E0 /* DetailViewController.swift */ = {isa = PBXFileReference; lastKnownFileType = sourcecode.swift; path = DetailViewController.swift; sourceTree = "<group>"; };
		F1D8546E1B8D658B008D24E0 /* Base */ = {isa = PBXFileReference; lastKnownFileType = file.storyboard; name = Base; path = Base.lproj/Main.storyboard; sourceTree = "<group>"; };
		F1D854701B8D658B008D24E0 /* Images.xcassets */ = {isa = PBXFileReference; lastKnownFileType = folder.assetcatalog; path = Images.xcassets; sourceTree = "<group>"; };
		F1D854731B8D658B008D24E0 /* Base */ = {isa = PBXFileReference; lastKnownFileType = file.xib; name = Base; path = Base.lproj/LaunchScreen.xib; sourceTree = "<group>"; };
		F1D854791B8D658B008D24E0 /* HelloWorldTests.xctest */ = {isa = PBXFileReference; explicitFileType = wrapper.cfbundle; includeInIndex = 0; path = HelloWorldTests.xctest; sourceTree = BUILT_PRODUCTS_DIR; };
		F1D8547E1B8D658B008D24E0 /* Info.plist */ = {isa = PBXFileReference; lastKnownFileType = text.plist.xml; path = Info.plist; sourceTree = "<group>"; };
		F1D8547F1B8D658B008D24E0 /* HelloWorldTests.swift */ = {isa = PBXFileReference; lastKnownFileType = sourcecode.swift; path = HelloWorldTests.swift; sourceTree = "<group>"; };
/* End PBXFileReference section */

/* Begin PBXFrameworksBuildPhase section */
		F1D8545F1B8D658A008D24E0 /* Frameworks */ = {
			isa = PBXFrameworksBuildPhase;
			buildActionMask = 2147483647;
			files = (
			);
			runOnlyForDeploymentPostprocessing = 0;
		};
		F1D854761B8D658B008D24E0 /* Frameworks */ = {
			isa = PBXFrameworksBuildPhase;
			buildActionMask = 2147483647;
			files = (
			);
			runOnlyForDeploymentPostprocessing = 0;
		};
/* End PBXFrameworksBuildPhase section */

/* Begin PBXGroup section */
		F1D854591B8D658A008D24E0 = {
			isa = PBXGroup;
			children = (
				F1D854641B8D658A008D24E0 /* HelloWorld */,
				F1D8547C1B8D658B008D24E0 /* HelloWorldTests */,
				F1D854631B8D658A008D24E0 /* Products */,
			);
			sourceTree = "<group>";
		};
		F1D854631B8D658A008D24E0 /* Products */ = {
			isa = PBXGroup;
			children = (
				F1D854621B8D658A008D24E0 /* HelloWorld.app */,
				F1D854791B8D658B008D24E0 /* HelloWorldTests.xctest */,
			);
			name = Products;
			sourceTree = "<group>";
		};
		F1D854641B8D658A008D24E0 /* HelloWorld */ = {
			isa = PBXGroup;
			children = (
				F1D854671B8D658A008D24E0 /* AppDelegate.swift */,
				F1D854691B8D658A008D24E0 /* MasterViewController.swift */,
				F1D8546B1B8D658A008D24E0 /* DetailViewController.swift */,
				F1D8546D1B8D658B008D24E0 /* Main.storyboard */,
				F1D854701B8D658B008D24E0 /* Images.xcassets */,
				F1D854721B8D658B008D24E0 /* LaunchScreen.xib */,
				F1D854651B8D658A008D24E0 /* Supporting Files */,
			);
			path = HelloWorld;
			sourceTree = "<group>";
		};
		F1D854651B8D658A008D24E0 /* Supporting Files */ = {
			isa = PBXGroup;
			children = (
				F1D854661B8D658A008D24E0 /* Info.plist */,
			);
			name = "Supporting Files";
			sourceTree = "<group>";
		};
		F1D8547C1B8D658B008D24E0 /* HelloWorldTests */ = {
			isa = PBXGroup;
			children = (
				F1D8547F1B8D658B008D24E0 /* HelloWorldTests.swift */,
				F1D8547D1B8D658B008D24E0 /* Supporting Files */,
			);
			path = HelloWorldTests;
			sourceTree = "<group>";
		};
		F1D8547D1B8D658B008D24E0 /* Supporting Files */ = {
			isa = PBXGroup;
			children = (
				F1D8547E1B8D658B008D24E0 /* Info.plist */,
			);
			name = "Supporting Files";
			sourceTree = "<group>";
		};
/* End PBXGroup section */

/* Begin PBXNativeTarget section */
		F1D854611B8D658A008D24E0 /* HelloWorld */ = {
			isa = PBXNativeTarget;
			buildConfigurationList = F1D854831B8D658B008D24E0 /* Build configuration list for PBXNativeTarget "HelloWorld" */;
			buildPhases = (
				F1D8545E1B8D658A008D24E0 /* Sources */,
				F1D8545F1B8D658A008D24E0 /* Frameworks */,
				F1D854601B8D658A008D24E0 /* Resources */,
			);
			buildRules = (
			);
			dependencies = (
			);
			name = HelloWorld;
			productName = HelloWorld;
			productReference = F1D854621B8D658A008D24E0 /* HelloWorld.app */;
			productType = "com.apple.product-type.application";
		};
		F1D854781B8D658B008D24E0 /* HelloWorldTests */ = {
			isa = PBXNativeTarget;
			buildConfigurationList = F1D854861B8D658B008D24E0 /* Build configuration list for PBXNativeTarget "HelloWorldTests" */;
			buildPhases = (
				F1D854751B8D658B008D24E0 /* Sources */,
				F1D854761B8D658B008D24E0 /* Frameworks */,
				F1D854771B8D658B008D24E0 /* Resources */,
			);
			buildRules = (
			);
			dependencies = (
				F1D8547B1B8D658B008D24E0 /* PBXTargetDependency */,
			);
			name = HelloWorldTests;
			productName = HelloWorldTests;
			productReference = F1D854791B8D658B008D24E0 /* HelloWorldTests.xctest */;
			productType = "com.apple.product-type.bundle.unit-test";
		};
/* End PBXNativeTarget section */

/* Begin PBXProject section */
		F1D8545A1B8D658A008D24E0 /* Project object */ = {
			isa = PBXProject;
			attributes = {
				LastUpgradeCheck = 0640;
				ORGANIZATIONNAME = "Thomas E. Kutzner";
				TargetAttributes = {
					F1D854611B8D658A008D24E0 = {
						CreatedOnToolsVersion = 6.4;
					};
					F1D854781B8D658B008D24E0 = {
						CreatedOnToolsVersion = 6.4;
						TestTargetID = F1D854611B8D658A008D24E0;
					};
				};
			};
			buildConfigurationList = F1D8545D1B8D658A008D24E0 /* Build configuration list for PBXProject "HelloWorld" */;
			compatibilityVersion = "Xcode 3.2";
			developmentRegion = English;
			hasScannedForEncodings = 0;
			knownRegions = (
				en,
				Base,
			);
			mainGroup = F1D854591B8D658A008D24E0;
			productRefGroup = F1D854631B8D658A008D24E0 /* Products */;
			projectDirPath = "";
			projectRoot = "";
			targets = (
				F1D854611B8D658A008D24E0 /* HelloWorld */,
				F1D854781B8D658B008D24E0 /* HelloWorldTests */,
			);
		};
/* End PBXProject section */

/* Begin PBXResourcesBuildPhase section */
		F1D854601B8D658A008D24E0 /* Resources */ = {
			isa = PBXResourcesBuildPhase;
			buildActionMask = 2147483647;
			files = (
				F1D8546F1B8D658B008D24E0 /* Main.storyboard in Resources */,
				F1D854741B8D658B008D24E0 /* LaunchScreen.xib in Resources */,
				F1D854711B8D658B008D24E0 /* Images.xcassets in Resources */,
			);
			runOnlyForDeploymentPostprocessing = 0;
		};
		F1D854771B8D658B008D24E0 /* Resources */ = {
			isa = PBXResourcesBuildPhase;
			buildActionMask = 2147483647;
			files = (
			);
			runOnlyForDeploymentPostprocessing = 0;
		};
/* End PBXResourcesBuildPhase section */

/* Begin PBXSourcesBuildPhase section */
		F1D8545E1B8D658A008D24E0 /* Sources */ = {
			isa = PBXSourcesBuildPhase;
			buildActionMask = 2147483647;
			files = (
				F1D8546C1B8D658A008D24E0 /* DetailViewController.swift in Sources */,
				F1D8546A1B8D658A008D24E0 /* MasterViewController.swift in Sources */,
				F1D854681B8D658A008D24E0 /* AppDelegate.swift in Sources */,
			);
			runOnlyForDeploymentPostprocessing = 0;
		};
		F1D854751B8D658B008D24E0 /* Sources */ = {
			isa = PBXSourcesBuildPhase;
			buildActionMask = 2147483647;
			files = (
				F1D854801B8D658B008D24E0 /* HelloWorldTests.swift in Sources */,
			);
			runOnlyForDeploymentPostprocessing = 0;
		};
/* End PBXSourcesBuildPhase section */

/* Begin PBXTargetDependency section */
		F1D8547B1B8D658B008D24E0 /* PBXTargetDependency */ = {
			isa = PBXTargetDependency;
			target = F1D854611B8D658A008D24E0 /* HelloWorld */;
			targetProxy = F1D8547A1B8D658B008D24E0 /* PBXContainerItemProxy */;
		};
/* End PBXTargetDependency section */

/* Begin PBXVariantGroup section */
		F1D8546D1B8D658B008D24E0 /* Main.storyboard */ = {
			isa = PBXVariantGroup;
			children = (
				F1D8546E1B8D658B008D24E0 /* Base */,
			);
			name = Main.storyboard;
			sourceTree = "<group>";
		};
		F1D854721B8D658B008D24E0 /* LaunchScreen.xib */ = {
			isa = PBXVariantGroup;
			children = (
				F1D854731B8D658B008D24E0 /* Base */,
			);
			name = LaunchScreen.xib;
			sourceTree = "<group>";
		};
/* End PBXVariantGroup section */

/* Begin XCBuildConfiguration section */
		F1D854811B8D658B008D24E0 /* Debug */ = {
			isa = XCBuildConfiguration;
			buildSettings = {
				ALWAYS_SEARCH_USER_PATHS = NO;
				CLANG_CXX_LANGUAGE_STANDARD = "gnu++0x";
				CLANG_CXX_LIBRARY = "libc++";
				CLANG_ENABLE_MODULES = YES;
				CLANG_ENABLE_OBJC_ARC = YES;
				CLANG_WARN_BOOL_CONVERSION = YES;
				CLANG_WARN_CONSTANT_CONVERSION = YES;
				CLANG_WARN_DIRECT_OBJC_ISA_USAGE = YES_ERROR;
				CLANG_WARN_EMPTY_BODY = YES;
				CLANG_WARN_ENUM_CONVERSION = YES;
				CLANG_WARN_INT_CONVERSION = YES;
				CLANG_WARN_OBJC_ROOT_CLASS = YES_ERROR;
				CLANG_WARN_UNREACHABLE_CODE = YES;
				CLANG_WARN__DUPLICATE_METHOD_MATCH = YES;
				"CODE_SIGN_IDENTITY[sdk=iphoneos*]" = "iPhone Developer";
				COPY_PHASE_STRIP = NO;
				DEBUG_INFORMATION_FORMAT = "dwarf-with-dsym";
				ENABLE_STRICT_OBJC_MSGSEND = YES;
				GCC_C_LANGUAGE_STANDARD = gnu99;
				GCC_DYNAMIC_NO_PIC = NO;
				GCC_NO_COMMON_BLOCKS = YES;
				GCC_OPTIMIZATION_LEVEL = 0;
				GCC_PREPROCESSOR_DEFINITIONS = (
					"DEBUG=1",
					"$(inherited)",
				);
				GCC_SYMBOLS_PRIVATE_EXTERN = NO;
				GCC_WARN_64_TO_32_BIT_CONVERSION = YES;
				GCC_WARN_ABOUT_RETURN_TYPE = YES_ERROR;
				GCC_WARN_UNDECLARED_SELECTOR = YES;
				GCC_WARN_UNINITIALIZED_AUTOS = YES_AGGRESSIVE;
				GCC_WARN_UNUSED_FUNCTION = YES;
				GCC_WARN_UNUSED_VARIABLE = YES;
				IPHONEOS_DEPLOYMENT_TARGET = 8.4;
				MTL_ENABLE_DEBUG_INFO = YES;
				ONLY_ACTIVE_ARCH = YES;
				SDKROOT = iphoneos;
				SWIFT_OPTIMIZATION_LEVEL = "-Onone";
				TARGETED_DEVICE_FAMILY = "1,2";
			};
			name = Debug;
		};
		F1D854821B8D658B008D24E0 /* Release */ = {
			isa = XCBuildConfiguration;
			buildSettings = {
				ALWAYS_SEARCH_USER_PATHS = NO;
				CLANG_CXX_LANGUAGE_STANDARD = "gnu++0x";
				CLANG_CXX_LIBRARY = "libc++";
				CLANG_ENABLE_MODULES = YES;
				CLANG_ENABLE_OBJC_ARC = YES;
				CLANG_WARN_BOOL_CONVERSION = YES;
				CLANG_WARN_CONSTANT_CONVERSION = YES;
				CLANG_WARN_DIRECT_OBJC_ISA_USAGE = YES_ERROR;
				CLANG_WARN_EMPTY_BODY = YES;
				CLANG_WARN_ENUM_CONVERSION = YES;
				CLANG_WARN_INT_CONVERSION = YES;
				CLANG_WARN_OBJC_ROOT_CLASS = YES_ERROR;
				CLANG_WARN_UNREACHABLE_CODE = YES;
				CLANG_WARN__DUPLICATE_METHOD_MATCH = YES;
				"CODE_SIGN_IDENTITY[sdk=iphoneos*]" = "iPhone Developer";
				COPY_PHASE_STRIP = NO;
				DEBUG_INFORMATION_FORMAT = "dwarf-with-dsym";
				ENABLE_NS_ASSERTIONS = NO;
				ENABLE_STRICT_OBJC_MSGSEND = YES;
				GCC_C_LANGUAGE_STANDARD = gnu99;
				GCC_NO_COMMON_BLOCKS = YES;
				GCC_WARN_64_TO_32_BIT_CONVERSION = YES;
				GCC_WARN_ABOUT_RETURN_TYPE = YES_ERROR;
				GCC_WARN_UNDECLARED_SELECTOR = YES;
				GCC_WARN_UNINITIALIZED_AUTOS = YES_AGGRESSIVE;
				GCC_WARN_UNUSED_FUNCTION = YES;
				GCC_WARN_UNUSED_VARIABLE = YES;
				IPHONEOS_DEPLOYMENT_TARGET = 8.4;
				MTL_ENABLE_DEBUG_INFO = NO;
				SDKROOT = iphoneos;
				TARGETED_DEVICE_FAMILY = "1,2";
				VALIDATE_PRODUCT = YES;
			};
			name = Release;
		};
		F1D854841B8D658B008D24E0 /* Debug */ = {
			isa = XCBuildConfiguration;
			buildSettings = {
				ASSETCATALOG_COMPILER_APPICON_NAME = AppIcon;
				INFOPLIST_FILE = HelloWorld/Info.plist;
				LD_RUNPATH_SEARCH_PATHS = "$(inherited) @executable_path/Frameworks";
				PRODUCT_NAME = "$(TARGET_NAME)";
			};
			name = Debug;
		};
		F1D854851B8D658B008D24E0 /* Release */ = {
			isa = XCBuildConfiguration;
			buildSettings = {
				ASSETCATALOG_COMPILER_APPICON_NAME = AppIcon;
				INFOPLIST_FILE = HelloWorld/Info.plist;
				LD_RUNPATH_SEARCH_PATHS = "$(inherited) @executable_path/Frameworks";
				PRODUCT_NAME = "$(TARGET_NAME)";
			};
			name = Release;
		};
		F1D854871B8D658B008D24E0 /* Debug */ = {
			isa = XCBuildConfiguration;
			buildSettings = {
				BUNDLE_LOADER = "$(TEST_HOST)";
				FRAMEWORK_SEARCH_PATHS = (
					"$(SDKROOT)/Developer/Library/Frameworks",
					"$(inherited)",
				);
				GCC_PREPROCESSOR_DEFINITIONS = (
					"DEBUG=1",
					"$(inherited)",
				);
				INFOPLIST_FILE = HelloWorldTests/Info.plist;
				LD_RUNPATH_SEARCH_PATHS = "$(inherited) @executable_path/Frameworks @loader_path/Frameworks";
				PRODUCT_NAME = "$(TARGET_NAME)";
				TEST_HOST = "$(BUILT_PRODUCTS_DIR)/HelloWorld.app/HelloWorld";
			};
			name = Debug;
		};
		F1D854881B8D658B008D24E0 /* Release */ = {
			isa = XCBuildConfiguration;
			buildSettings = {
				BUNDLE_LOADER = "$(TEST_HOST)";
				FRAMEWORK_SEARCH_PATHS = (
					"$(SDKROOT)/Developer/Library/Frameworks",
					"$(inherited)",
				);
				INFOPLIST_FILE = HelloWorldTests/Info.plist;
				LD_RUNPATH_SEARCH_PATHS = "$(inherited) @executable_path/Frameworks @loader_path/Frameworks";
				PRODUCT_NAME = "$(TARGET_NAME)";
				TEST_HOST = "$(BUILT_PRODUCTS_DIR)/HelloWorld.app/HelloWorld";
			};
			name = Release;
		};
/* End XCBuildConfiguration section */

/* Begin XCConfigurationList section */
		F1D8545D1B8D658A008D24E0 /* Build configuration list for PBXProject "HelloWorld" */ = {
			isa = XCConfigurationList;
			buildConfigurations = (
				F1D854811B8D658B008D24E0 /* Debug */,
				F1D854821B8D658B008D24E0 /* Release */,
			);
			defaultConfigurationIsVisible = 0;
			defaultConfigurationName = Release;
		};
		F1D854831B8D658B008D24E0 /* Build configuration list for PBXNativeTarget "HelloWorld" */ = {
			isa = XCConfigurationList;
			buildConfigurations = (
				F1D854841B8D658B008D24E0 /* Debug */,
				F1D854851B8D658B008D24E0 /* Release */,
			);
			defaultConfigurationIsVisible = 0;
		};
		F1D854861B8D658B008D24E0 /* Build configuration list for PBXNativeTarget "HelloWorldTests" */ = {
			isa = XCConfigurationList;
			buildConfigurations = (
				F1D854871B8D658B008D24E0 /* Debug */,
				F1D854881B8D658B008D24E0 /* Release */,
			);
			defaultConfigurationIsVisible = 0;
		};
/* End XCConfigurationList section */
	};
	rootObject = F1D8545A1B8D658A008D24E0 /* Project object */;
}
